
Microsoft Visual Studio Solution File, Format Version 12.00
# Visual Studio Version 17
VisualStudioVersion = 17.8.34525.116
MinimumVisualStudioVersion = 10.0.40219.1
Project("{9A19103F-16F7-4668-BE54-9A1E7A4F7556}") = "Domain", "Domain\Domain.csproj", "{09F10FA9-6969-4898-9A92-F39E79C206E4}"
EndProject
Project("{9A19103F-16F7-4668-BE54-9A1E7A4F7556}") = "Test", "Test\Test.csproj", "{DC3C726C-10C6-49E3-BC65-46491FA0D71F}"
	ProjectSection(ProjectDependencies) = postProject
		{09F10FA9-6969-4898-9A92-F39E79C206E4} = {09F10FA9-6969-4898-9A92-F39E79C206E4}
	EndProjectSection
EndProject
Project("{9A19103F-16F7-4668-BE54-9A1E7A4F7556}") = "Infra", "Infra\Infra.csproj", "{D1C68980-824C-4D7E-81F4-72CC96C65857}"
EndProject
Project("{9A19103F-16F7-4668-BE54-9A1E7A4F7556}") = "Application", "Application\Application.csproj", "{0BE40A99-4186-4132-814E-9D0F6E96BBE9}"
EndProject
Project("{FAE04EC0-301F-11D3-BF4B-00C04F79EFBC}") = "Api", "Api\Api.csproj", "{A6298144-DD6A-4BE6-817C-56409B269D4D}"
EndProject
Project("{FAE04EC0-301F-11D3-BF4B-00C04F79EFBC}") = "IoC", "IoC\IoC.csproj", "{393DE09A-1E3F-4625-A9DC-BA56324DFEA0}"
EndProject
Global
	GlobalSection(SolutionConfigurationPlatforms) = preSolution
		Debug|Any CPU = Debug|Any CPU
		Release|Any CPU = Release|Any CPU
	EndGlobalSection
	GlobalSection(ProjectConfigurationPlatforms) = postSolution
		{09F10FA9-6969-4898-9A92-F39E79C206E4}.Debug|Any CPU.ActiveCfg = Debug|Any CPU
		{09F10FA9-6969-4898-9A92-F39E79C206E4}.Debug|Any CPU.Build.0 = Debug|Any CPU
		{09F10FA9-6969-4898-9A92-F39E79C206E4}.Release|Any CPU.ActiveCfg = Release|Any CPU
		{09F10FA9-6969-4898-9A92-F39E79C206E4}.Release|Any CPU.Build.0 = Release|Any CPU
		{DC3C726C-10C6-49E3-BC65-46491FA0D71F}.Debug|Any CPU.ActiveCfg = Debug|Any CPU
		{DC3C726C-10C6-49E3-BC65-46491FA0D71F}.Debug|Any CPU.Build.0 = Debug|Any CPU
		{DC3C726C-10C6-49E3-BC65-46491FA0D71F}.Release|Any CPU.ActiveCfg = Release|Any CPU
		{DC3C726C-10C6-49E3-BC65-46491FA0D71F}.Release|Any CPU.Build.0 = Release|Any CPU
		{D1C68980-824C-4D7E-81F4-72CC96C65857}.Debug|Any CPU.ActiveCfg = Debug|Any CPU
		{D1C68980-824C-4D7E-81F4-72CC96C65857}.Debug|Any CPU.Build.0 = Debug|Any CPU
		{D1C68980-824C-4D7E-81F4-72CC96C65857}.Release|Any CPU.ActiveCfg = Release|Any CPU
		{D1C68980-824C-4D7E-81F4-72CC96C65857}.Release|Any CPU.Build.0 = Release|Any CPU
		{0BE40A99-4186-4132-814E-9D0F6E96BBE9}.Debug|Any CPU.ActiveCfg = Debug|Any CPU
		{0BE40A99-4186-4132-814E-9D0F6E96BBE9}.Debug|Any CPU.Build.0 = Debug|Any CPU
		{0BE40A99-4186-4132-814E-9D0F6E96BBE9}.Release|Any CPU.ActiveCfg = Release|Any CPU
		{0BE40A99-4186-4132-814E-9D0F6E96BBE9}.Release|Any CPU.Build.0 = Release|Any CPU
		{A6298144-DD6A-4BE6-817C-56409B269D4D}.Debug|Any CPU.ActiveCfg = Debug|Any CPU
		{A6298144-DD6A-4BE6-817C-56409B269D4D}.Debug|Any CPU.Build.0 = Debug|Any CPU
		{A6298144-DD6A-4BE6-817C-56409B269D4D}.Release|Any CPU.ActiveCfg = Release|Any CPU
		{A6298144-DD6A-4BE6-817C-56409B269D4D}.Release|Any CPU.Build.0 = Release|Any CPU
		{393DE09A-1E3F-4625-A9DC-BA56324DFEA0}.Debug|Any CPU.ActiveCfg = Debug|Any CPU
		{393DE09A-1E3F-4625-A9DC-BA56324DFEA0}.Debug|Any CPU.Build.0 = Debug|Any CPU
		{393DE09A-1E3F-4625-A9DC-BA56324DFEA0}.Release|Any CPU.ActiveCfg = Release|Any CPU
		{393DE09A-1E3F-4625-A9DC-BA56324DFEA0}.Release|Any CPU.Build.0 = Release|Any CPU
	EndGlobalSection
	GlobalSection(SolutionProperties) = preSolution
		HideSolutionNode = FALSE
	EndGlobalSection
	GlobalSection(ExtensibilityGlobals) = postSolution
		SolutionGuid = {12D6FF02-05D9-40AA-A902-422E87E025A2}
	EndGlobalSection
EndGlobal
